
Microsoft Visual Studio Solution File, Format Version 12.00
# Visual Studio Version 17
VisualStudioVersion = 17.1.32407.343
MinimumVisualStudioVersion = 10.0.40219.1
Project("{FAE04EC0-301F-11D3-BF4B-00C04F79EFBC}") = "Shotbot", "Shotbot\Shotbot.csproj", "{3BD1AFD1-7FE8-4C52-B503-56F329894EBC}"
EndProject
Global
	GlobalSection(SolutionConfigurationPlatforms) = preSolution
		Debug|Any CPU = Debug|Any CPU
		Release|Any CPU = Release|Any CPU
	EndGlobalSection
	GlobalSection(ProjectConfigurationPlatforms) = postSolution
		{3BD1AFD1-7FE8-4C52-B503-56F329894EBC}.Debug|Any CPU.ActiveCfg = Debug|Any CPU
		{3BD1AFD1-7FE8-4C52-B503-56F329894EBC}.Debug|Any CPU.Build.0 = Debug|Any CPU
		{3BD1AFD1-7FE8-4C52-B503-56F329894EBC}.Release|Any CPU.ActiveCfg = Release|Any CPU
		{3BD1AFD1-7FE8-4C52-B503-56F329894EBC}.Release|Any CPU.Build.0 = Release|Any CPU
	EndGlobalSection
	GlobalSection(SolutionProperties) = preSolution
		HideSolutionNode = FALSE
	EndGlobalSection
	GlobalSection(ExtensibilityGlobals) = postSolution
		SolutionGuid = {B6B97AF8-AC9A-4B25-8150-23B3BED8982E}
	EndGlobalSection
EndGlobal
